
Microsoft Visual Studio Solution File, Format Version 12.00
# Visual Studio Version 16
VisualStudioVersion = 16.0.30804.86
MinimumVisualStudioVersion = 10.0.40219.1
Project("{FAE04EC0-301F-11D3-BF4B-00C04F79EFBC}") = "Question1", "ConsoleApp1\Question1.csproj", "{0DFEA43E-C541-4454-BCEE-2193C380F686}"
EndProject
Project("{FAE04EC0-301F-11D3-BF4B-00C04F79EFBC}") = "Question2", "Question2\Question2.csproj", "{E813829B-04C0-483B-B0CA-7D38D452225A}"
EndProject
Global
	GlobalSection(SolutionConfigurationPlatforms) = preSolution
		Debug|Any CPU = Debug|Any CPU
		Release|Any CPU = Release|Any CPU
	EndGlobalSection
	GlobalSection(ProjectConfigurationPlatforms) = postSolution
		{0DFEA43E-C541-4454-BCEE-2193C380F686}.Debug|Any CPU.ActiveCfg = Debug|Any CPU
		{0DFEA43E-C541-4454-BCEE-2193C380F686}.Debug|Any CPU.Build.0 = Debug|Any CPU
		{0DFEA43E-C541-4454-BCEE-2193C380F686}.Release|Any CPU.ActiveCfg = Release|Any CPU
		{0DFEA43E-C541-4454-BCEE-2193C380F686}.Release|Any CPU.Build.0 = Release|Any CPU
		{E813829B-04C0-483B-B0CA-7D38D452225A}.Debug|Any CPU.ActiveCfg = Debug|Any CPU
		{E813829B-04C0-483B-B0CA-7D38D452225A}.Debug|Any CPU.Build.0 = Debug|Any CPU
		{E813829B-04C0-483B-B0CA-7D38D452225A}.Release|Any CPU.ActiveCfg = Release|Any CPU
		{E813829B-04C0-483B-B0CA-7D38D452225A}.Release|Any CPU.Build.0 = Release|Any CPU
	EndGlobalSection
	GlobalSection(SolutionProperties) = preSolution
		HideSolutionNode = FALSE
	EndGlobalSection
	GlobalSection(ExtensibilityGlobals) = postSolution
		SolutionGuid = {21DECC8C-81DD-4777-9E67-25A4CD961B26}
	EndGlobalSection
EndGlobal
