
Microsoft Visual Studio Solution File, Format Version 12.00
# Visual Studio Version 16
VisualStudioVersion = 16.0.30804.86
MinimumVisualStudioVersion = 10.0.40219.1
Project("{FAE04EC0-301F-11D3-BF4B-00C04F79EFBC}") = "MessageDisplay", "MessageDisplay\MessageDisplay.csproj", "{4FD26621-2F01-48A8-B54D-29E865800E0B}"
EndProject
Project("{FAE04EC0-301F-11D3-BF4B-00C04F79EFBC}") = "MessageDisplay1", "MessageDisplay1\MessageDisplay1.csproj", "{3ABC75EC-D676-4FB4-B96E-30E3F5C40B1D}"
EndProject
Global
	GlobalSection(SolutionConfigurationPlatforms) = preSolution
		Debug|Any CPU = Debug|Any CPU
		Release|Any CPU = Release|Any CPU
	EndGlobalSection
	GlobalSection(ProjectConfigurationPlatforms) = postSolution
		{4FD26621-2F01-48A8-B54D-29E865800E0B}.Debug|Any CPU.ActiveCfg = Debug|Any CPU
		{4FD26621-2F01-48A8-B54D-29E865800E0B}.Debug|Any CPU.Build.0 = Debug|Any CPU
		{4FD26621-2F01-48A8-B54D-29E865800E0B}.Release|Any CPU.ActiveCfg = Release|Any CPU
		{4FD26621-2F01-48A8-B54D-29E865800E0B}.Release|Any CPU.Build.0 = Release|Any CPU
		{3ABC75EC-D676-4FB4-B96E-30E3F5C40B1D}.Debug|Any CPU.ActiveCfg = Debug|Any CPU
		{3ABC75EC-D676-4FB4-B96E-30E3F5C40B1D}.Debug|Any CPU.Build.0 = Debug|Any CPU
		{3ABC75EC-D676-4FB4-B96E-30E3F5C40B1D}.Release|Any CPU.ActiveCfg = Release|Any CPU
		{3ABC75EC-D676-4FB4-B96E-30E3F5C40B1D}.Release|Any CPU.Build.0 = Release|Any CPU
	EndGlobalSection
	GlobalSection(SolutionProperties) = preSolution
		HideSolutionNode = FALSE
	EndGlobalSection
	GlobalSection(ExtensibilityGlobals) = postSolution
		SolutionGuid = {7DAFAC81-9E80-4EFD-986A-B608585CF5BD}
	EndGlobalSection
EndGlobal
