
Microsoft Visual Studio Solution File, Format Version 12.00
# Visual Studio Version 16
VisualStudioVersion = 16.0.30804.86
MinimumVisualStudioVersion = 10.0.40219.1
Project("{FAE04EC0-301F-11D3-BF4B-00C04F79EFBC}") = "StaticExamples", "StaticExamples\StaticExamples.csproj", "{BCC97E66-F11B-4D59-A6C7-CE0116870D3C}"
EndProject
Global
	GlobalSection(SolutionConfigurationPlatforms) = preSolution
		Debug|Any CPU = Debug|Any CPU
		Release|Any CPU = Release|Any CPU
	EndGlobalSection
	GlobalSection(ProjectConfigurationPlatforms) = postSolution
		{BCC97E66-F11B-4D59-A6C7-CE0116870D3C}.Debug|Any CPU.ActiveCfg = Debug|Any CPU
		{BCC97E66-F11B-4D59-A6C7-CE0116870D3C}.Debug|Any CPU.Build.0 = Debug|Any CPU
		{BCC97E66-F11B-4D59-A6C7-CE0116870D3C}.Release|Any CPU.ActiveCfg = Release|Any CPU
		{BCC97E66-F11B-4D59-A6C7-CE0116870D3C}.Release|Any CPU.Build.0 = Release|Any CPU
	EndGlobalSection
	GlobalSection(SolutionProperties) = preSolution
		HideSolutionNode = FALSE
	EndGlobalSection
	GlobalSection(ExtensibilityGlobals) = postSolution
		SolutionGuid = {D090E895-5B44-485E-A81E-CB23FBA5661B}
	EndGlobalSection
EndGlobal
