
Microsoft Visual Studio Solution File, Format Version 12.00
# Visual Studio Version 16
VisualStudioVersion = 16.0.30804.86
MinimumVisualStudioVersion = 10.0.40219.1
Project("{9A19103F-16F7-4668-BE54-9A1E7A4F7556}") = "Question1", "Question1\Question1.csproj", "{B63118D4-AE01-41AD-8D39-8D150E140A3A}"
EndProject
Project("{9A19103F-16F7-4668-BE54-9A1E7A4F7556}") = "Question2", "Question2\Question2.csproj", "{7055ABD5-6B7A-441D-9A37-974EA6A259DD}"
EndProject
Project("{FAE04EC0-301F-11D3-BF4B-00C04F79EFBC}") = "Question3", "Question3\Question3.csproj", "{99329465-5045-4146-9016-CEAE96433C99}"
EndProject
Project("{FAE04EC0-301F-11D3-BF4B-00C04F79EFBC}") = "Question4", "Question4\Question4.csproj", "{8239E7DA-306E-4AA5-99AC-63D9BEAA186A}"
EndProject
Project("{FAE04EC0-301F-11D3-BF4B-00C04F79EFBC}") = "test", "test\test.csproj", "{5CC07D8F-6868-4376-8CAB-6366F2236BCC}"
EndProject
Global
	GlobalSection(SolutionConfigurationPlatforms) = preSolution
		Debug|Any CPU = Debug|Any CPU
		Release|Any CPU = Release|Any CPU
	EndGlobalSection
	GlobalSection(ProjectConfigurationPlatforms) = postSolution
		{B63118D4-AE01-41AD-8D39-8D150E140A3A}.Debug|Any CPU.ActiveCfg = Debug|Any CPU
		{B63118D4-AE01-41AD-8D39-8D150E140A3A}.Debug|Any CPU.Build.0 = Debug|Any CPU
		{B63118D4-AE01-41AD-8D39-8D150E140A3A}.Release|Any CPU.ActiveCfg = Release|Any CPU
		{B63118D4-AE01-41AD-8D39-8D150E140A3A}.Release|Any CPU.Build.0 = Release|Any CPU
		{7055ABD5-6B7A-441D-9A37-974EA6A259DD}.Debug|Any CPU.ActiveCfg = Debug|Any CPU
		{7055ABD5-6B7A-441D-9A37-974EA6A259DD}.Debug|Any CPU.Build.0 = Debug|Any CPU
		{7055ABD5-6B7A-441D-9A37-974EA6A259DD}.Release|Any CPU.ActiveCfg = Release|Any CPU
		{7055ABD5-6B7A-441D-9A37-974EA6A259DD}.Release|Any CPU.Build.0 = Release|Any CPU
		{99329465-5045-4146-9016-CEAE96433C99}.Debug|Any CPU.ActiveCfg = Debug|Any CPU
		{99329465-5045-4146-9016-CEAE96433C99}.Debug|Any CPU.Build.0 = Debug|Any CPU
		{99329465-5045-4146-9016-CEAE96433C99}.Release|Any CPU.ActiveCfg = Release|Any CPU
		{99329465-5045-4146-9016-CEAE96433C99}.Release|Any CPU.Build.0 = Release|Any CPU
		{8239E7DA-306E-4AA5-99AC-63D9BEAA186A}.Debug|Any CPU.ActiveCfg = Debug|Any CPU
		{8239E7DA-306E-4AA5-99AC-63D9BEAA186A}.Debug|Any CPU.Build.0 = Debug|Any CPU
		{8239E7DA-306E-4AA5-99AC-63D9BEAA186A}.Release|Any CPU.ActiveCfg = Release|Any CPU
		{8239E7DA-306E-4AA5-99AC-63D9BEAA186A}.Release|Any CPU.Build.0 = Release|Any CPU
		{5CC07D8F-6868-4376-8CAB-6366F2236BCC}.Debug|Any CPU.ActiveCfg = Debug|Any CPU
		{5CC07D8F-6868-4376-8CAB-6366F2236BCC}.Debug|Any CPU.Build.0 = Debug|Any CPU
		{5CC07D8F-6868-4376-8CAB-6366F2236BCC}.Release|Any CPU.ActiveCfg = Release|Any CPU
		{5CC07D8F-6868-4376-8CAB-6366F2236BCC}.Release|Any CPU.Build.0 = Release|Any CPU
	EndGlobalSection
	GlobalSection(SolutionProperties) = preSolution
		HideSolutionNode = FALSE
	EndGlobalSection
	GlobalSection(ExtensibilityGlobals) = postSolution
		SolutionGuid = {00AC7410-6F78-4944-B347-CC4EE54F7689}
	EndGlobalSection
EndGlobal
